// !$*UTF8*$!
{
	archiveVersion = 1;
	classes = {
	};
	objectVersion = 46;
	objects = {

/* Begin PBXBuildFile section */
		8B3A17A91E8EBFA40080669F /* AppDelegate.swift in Sources */ = {isa = PBXBuildFile; fileRef = 8B3A17A81E8EBFA40080669F /* AppDelegate.swift */; };
		8B3A17AE1E8EBFA40080669F /* Main.storyboard in Resources */ = {isa = PBXBuildFile; fileRef = 8B3A17AC1E8EBFA40080669F /* Main.storyboard */; };
		8B3A17B01E8EBFA40080669F /* Assets.xcassets in Resources */ = {isa = PBXBuildFile; fileRef = 8B3A17AF1E8EBFA40080669F /* Assets.xcassets */; };
		8B3A17B31E8EBFA40080669F /* LaunchScreen.storyboard in Resources */ = {isa = PBXBuildFile; fileRef = 8B3A17B11E8EBFA40080669F /* LaunchScreen.storyboard */; };
		8B3A17BB1E8EC9640080669F /* SNPostSocialNetworkViewController.swift in Sources */ = {isa = PBXBuildFile; fileRef = 8B3A17BA1E8EC9640080669F /* SNPostSocialNetworkViewController.swift */; };
		8B3A17BD1E8EC9760080669F /* SNTouchIDViewController.swift in Sources */ = {isa = PBXBuildFile; fileRef = 8B3A17BC1E8EC9760080669F /* SNTouchIDViewController.swift */; };
		8B3A17BF1E8EC98A0080669F /* SNInternacionalizacionViewController.swift in Sources */ = {isa = PBXBuildFile; fileRef = 8B3A17BE1E8EC98A0080669F /* SNInternacionalizacionViewController.swift */; };
		8B3A17C11E8EC9A50080669F /* SNPlayMusicViewController.swift in Sources */ = {isa = PBXBuildFile; fileRef = 8B3A17C01E8EC9A50080669F /* SNPlayMusicViewController.swift */; };
		8B3A17C31E8ECDF60080669F /* APIHELPERS.swift in Sources */ = {isa = PBXBuildFile; fileRef = 8B3A17C21E8ECDF60080669F /* APIHELPERS.swift */; };
		8B3A17CA1E8EDF160080669F /* hola.png in Resources */ = {isa = PBXBuildFile; fileRef = 8B3A17CC1E8EDF160080669F /* hola.png */; };
		8B3A17D61E8EE2C50080669F /* Localizable.strings in Resources */ = {isa = PBXBuildFile; fileRef = 8B3A17D81E8EE2C50080669F /* Localizable.strings */; };
/* End PBXBuildFile section */

/* Begin PBXFileReference section */
		8B3A17A51E8EBFA40080669F /* App_SocialNetwork.app */ = {isa = PBXFileReference; explicitFileType = wrapper.application; includeInIndex = 0; path = App_SocialNetwork.app; sourceTree = BUILT_PRODUCTS_DIR; };
		8B3A17A81E8EBFA40080669F /* AppDelegate.swift */ = {isa = PBXFileReference; lastKnownFileType = sourcecode.swift; path = AppDelegate.swift; sourceTree = "<group>"; };
		8B3A17AD1E8EBFA40080669F /* Base */ = {isa = PBXFileReference; lastKnownFileType = file.storyboard; name = Base; path = Base.lproj/Main.storyboard; sourceTree = "<group>"; };
		8B3A17AF1E8EBFA40080669F /* Assets.xcassets */ = {isa = PBXFileReference; lastKnownFileType = folder.assetcatalog; path = Assets.xcassets; sourceTree = "<group>"; };
		8B3A17B21E8EBFA40080669F /* Base */ = {isa = PBXFileReference; lastKnownFileType = file.storyboard; name = Base; path = Base.lproj/LaunchScreen.storyboard; sourceTree = "<group>"; };
		8B3A17B41E8EBFA40080669F /* Info.plist */ = {isa = PBXFileReference; lastKnownFileType = text.plist.xml; path = Info.plist; sourceTree = "<group>"; };
		8B3A17BA1E8EC9640080669F /* SNPostSocialNetworkViewController.swift */ = {isa = PBXFileReference; fileEncoding = 4; lastKnownFileType = sourcecode.swift; path = SNPostSocialNetworkViewController.swift; sourceTree = "<group>"; };
		8B3A17BC1E8EC9760080669F /* SNTouchIDViewController.swift */ = {isa = PBXFileReference; fileEncoding = 4; lastKnownFileType = sourcecode.swift; path = SNTouchIDViewController.swift; sourceTree = "<group>"; };
		8B3A17BE1E8EC98A0080669F /* SNInternacionalizacionViewController.swift */ = {isa = PBXFileReference; fileEncoding = 4; lastKnownFileType = sourcecode.swift; path = SNInternacionalizacionViewController.swift; sourceTree = "<group>"; };
		8B3A17C01E8EC9A50080669F /* SNPlayMusicViewController.swift */ = {isa = PBXFileReference; fileEncoding = 4; lastKnownFileType = sourcecode.swift; path = SNPlayMusicViewController.swift; sourceTree = "<group>"; };
		8B3A17C21E8ECDF60080669F /* APIHELPERS.swift */ = {isa = PBXFileReference; fileEncoding = 4; lastKnownFileType = sourcecode.swift; path = APIHELPERS.swift; sourceTree = "<group>"; };
		8B3A17C71E8EDCFC0080669F /* es */ = {isa = PBXFileReference; lastKnownFileType = text.plist.strings; name = es; path = es.lproj/LaunchScreen.strings; sourceTree = "<group>"; };
		8B3A17C91E8EDDE40080669F /* es */ = {isa = PBXFileReference; lastKnownFileType = text.plist.strings; name = es; path = es.lproj/Main.strings; sourceTree = "<group>"; };
		8B3A17CB1E8EDF160080669F /* es */ = {isa = PBXFileReference; lastKnownFileType = image.png; name = es; path = es.lproj/hola.png; sourceTree = "<group>"; };
		8B3A17CD1E8EDF180080669F /* en */ = {isa = PBXFileReference; lastKnownFileType = image.png; name = en; path = en.lproj/hola.png; sourceTree = "<group>"; };
		8B3A17CF1E8EE0860080669F /* en */ = {isa = PBXFileReference; lastKnownFileType = text.plist.strings; name = en; path = en.lproj/Main.strings; sourceTree = "<group>"; };
		8B3A17D01E8EE0A50080669F /* fr */ = {isa = PBXFileReference; lastKnownFileType = text.plist.strings; name = fr; path = fr.lproj/Main.strings; sourceTree = "<group>"; };
		8B3A17D11E8EE0A50080669F /* fr */ = {isa = PBXFileReference; lastKnownFileType = text.plist.strings; name = fr; path = fr.lproj/LaunchScreen.strings; sourceTree = "<group>"; };
		8B3A17D21E8EE0A50080669F /* fr */ = {isa = PBXFileReference; lastKnownFileType = image.png; name = fr; path = fr.lproj/hola.png; sourceTree = "<group>"; };
		8B3A17D71E8EE2C50080669F /* fr */ = {isa = PBXFileReference; lastKnownFileType = text.plist.strings; name = fr; path = fr.lproj/Localizable.strings; sourceTree = "<group>"; };
		8B3A17D91E8EE2C70080669F /* es */ = {isa = PBXFileReference; lastKnownFileType = text.plist.strings; name = es; path = es.lproj/Localizable.strings; sourceTree = "<group>"; };
		8B3A17DA1E8EE2C80080669F /* en */ = {isa = PBXFileReference; lastKnownFileType = text.plist.strings; name = en; path = en.lproj/Localizable.strings; sourceTree = "<group>"; };
/* End PBXFileReference section */

/* Begin PBXFrameworksBuildPhase section */
		8B3A17A21E8EBFA40080669F /* Frameworks */ = {
			isa = PBXFrameworksBuildPhase;
			buildActionMask = 2147483647;
			files = (
			);
			runOnlyForDeploymentPostprocessing = 0;
		};
/* End PBXFrameworksBuildPhase section */

/* Begin PBXGroup section */
		8B3A179C1E8EBFA40080669F = {
			isa = PBXGroup;
			children = (
				8B3A17A71E8EBFA40080669F /* App_SocialNetwork */,
				8B3A17A61E8EBFA40080669F /* Products */,
			);
			sourceTree = "<group>";
		};
		8B3A17A61E8EBFA40080669F /* Products */ = {
			isa = PBXGroup;
			children = (
				8B3A17A51E8EBFA40080669F /* App_SocialNetwork.app */,
			);
			name = Products;
			sourceTree = "<group>";
		};
		8B3A17A71E8EBFA40080669F /* App_SocialNetwork */ = {
			isa = PBXGroup;
			children = (
				8B3A17CC1E8EDF160080669F /* hola.png */,
				8B3A17D31E8EE2920080669F /* VIEWS_CONTROLLERS */,
				8B3A17AC1E8EBFA40080669F /* Main.storyboard */,
				8B3A17AF1E8EBFA40080669F /* Assets.xcassets */,
				8B3A17B11E8EBFA40080669F /* LaunchScreen.storyboard */,
				8B3A17B41E8EBFA40080669F /* Info.plist */,
			);
			path = App_SocialNetwork;
			sourceTree = "<group>";
		};
		8B3A17D31E8EE2920080669F /* VIEWS_CONTROLLERS */ = {
			isa = PBXGroup;
			children = (
				8B3A17A81E8EBFA40080669F /* AppDelegate.swift */,
				8B3A17C21E8ECDF60080669F /* APIHELPERS.swift */,
				8B3A17BA1E8EC9640080669F /* SNPostSocialNetworkViewController.swift */,
				8B3A17BC1E8EC9760080669F /* SNTouchIDViewController.swift */,
				8B3A17BE1E8EC98A0080669F /* SNInternacionalizacionViewController.swift */,
				8B3A17C01E8EC9A50080669F /* SNPlayMusicViewController.swift */,
				8B3A17D81E8EE2C50080669F /* Localizable.strings */,
			);
			name = VIEWS_CONTROLLERS;
			sourceTree = "<group>";
		};
/* End PBXGroup section */

/* Begin PBXNativeTarget section */
		8B3A17A41E8EBFA40080669F /* App_SocialNetwork */ = {
			isa = PBXNativeTarget;
			buildConfigurationList = 8B3A17B71E8EBFA40080669F /* Build configuration list for PBXNativeTarget "App_SocialNetwork" */;
			buildPhases = (
				8B3A17A11E8EBFA40080669F /* Sources */,
				8B3A17A21E8EBFA40080669F /* Frameworks */,
				8B3A17A31E8EBFA40080669F /* Resources */,
			);
			buildRules = (
			);
			dependencies = (
			);
			name = App_SocialNetwork;
			productName = App_SocialNetwork;
			productReference = 8B3A17A51E8EBFA40080669F /* App_SocialNetwork.app */;
			productType = "com.apple.product-type.application";
		};
/* End PBXNativeTarget section */

/* Begin PBXProject section */
		8B3A179D1E8EBFA40080669F /* Project object */ = {
			isa = PBXProject;
			attributes = {
				LastSwiftUpdateCheck = 0820;
				LastUpgradeCheck = 0820;
				ORGANIZATIONNAME = formador;
				TargetAttributes = {
					8B3A17A41E8EBFA40080669F = {
						CreatedOnToolsVersion = 8.2.1;
						ProvisioningStyle = Automatic;
					};
				};
			};
			buildConfigurationList = 8B3A17A01E8EBFA40080669F /* Build configuration list for PBXProject "App_SocialNetwork" */;
			compatibilityVersion = "Xcode 3.2";
			developmentRegion = English;
			hasScannedForEncodings = 0;
			knownRegions = (
				en,
				Base,
				fr,
				es,
			);
			mainGroup = 8B3A179C1E8EBFA40080669F;
			productRefGroup = 8B3A17A61E8EBFA40080669F /* Products */;
			projectDirPath = "";
			projectRoot = "";
			targets = (
				8B3A17A41E8EBFA40080669F /* App_SocialNetwork */,
			);
		};
/* End PBXProject section */

/* Begin PBXResourcesBuildPhase section */
		8B3A17A31E8EBFA40080669F /* Resources */ = {
			isa = PBXResourcesBuildPhase;
			buildActionMask = 2147483647;
			files = (
				8B3A17D61E8EE2C50080669F /* Localizable.strings in Resources */,
				8B3A17B31E8EBFA40080669F /* LaunchScreen.storyboard in Resources */,
				8B3A17B01E8EBFA40080669F /* Assets.xcassets in Resources */,
				8B3A17AE1E8EBFA40080669F /* Main.storyboard in Resources */,
				8B3A17CA1E8EDF160080669F /* hola.png in Resources */,
			);
			runOnlyForDeploymentPostprocessing = 0;
		};
/* End PBXResourcesBuildPhase section */

/* Begin PBXSourcesBuildPhase section */
		8B3A17A11E8EBFA40080669F /* Sources */ = {
			isa = PBXSourcesBuildPhase;
			buildActionMask = 2147483647;
			files = (
				8B3A17C31E8ECDF60080669F /* APIHELPERS.swift in Sources */,
				8B3A17BD1E8EC9760080669F /* SNTouchIDViewController.swift in Sources */,
				8B3A17BF1E8EC98A0080669F /* SNInternacionalizacionViewController.swift in Sources */,
				8B3A17C11E8EC9A50080669F /* SNPlayMusicViewController.swift in Sources */,
				8B3A17A91E8EBFA40080669F /* AppDelegate.swift in Sources */,
				8B3A17BB1E8EC9640080669F /* SNPostSocialNetworkViewController.swift in Sources */,
			);
			runOnlyForDeploymentPostprocessing = 0;
		};
/* End PBXSourcesBuildPhase section */

/* Begin PBXVariantGroup section */
		8B3A17AC1E8EBFA40080669F /* Main.storyboard */ = {
			isa = PBXVariantGroup;
			children = (
				8B3A17AD1E8EBFA40080669F /* Base */,
				8B3A17C91E8EDDE40080669F /* es */,
				8B3A17CF1E8EE0860080669F /* en */,
				8B3A17D01E8EE0A50080669F /* fr */,
			);
			name = Main.storyboard;
			sourceTree = "<group>";
		};
		8B3A17B11E8EBFA40080669F /* LaunchScreen.storyboard */ = {
			isa = PBXVariantGroup;
			children = (
				8B3A17B21E8EBFA40080669F /* Base */,
				8B3A17C71E8EDCFC0080669F /* es */,
				8B3A17D11E8EE0A50080669F /* fr */,
			);
			name = LaunchScreen.storyboard;
			sourceTree = "<group>";
		};
		8B3A17CC1E8EDF160080669F /* hola.png */ = {
			isa = PBXVariantGroup;
			children = (
				8B3A17CB1E8EDF160080669F /* es */,
				8B3A17CD1E8EDF180080669F /* en */,
				8B3A17D21E8EE0A50080669F /* fr */,
			);
			name = hola.png;
			sourceTree = "<group>";
		};
		8B3A17D81E8EE2C50080669F /* Localizable.strings */ = {
			isa = PBXVariantGroup;
			children = (
				8B3A17D71E8EE2C50080669F /* fr */,
				8B3A17D91E8EE2C70080669F /* es */,
				8B3A17DA1E8EE2C80080669F /* en */,
			);
			name = Localizable.strings;
			sourceTree = "<group>";
		};
/* End PBXVariantGroup section */

/* Begin XCBuildConfiguration section */
		8B3A17B51E8EBFA40080669F /* Debug */ = {
			isa = XCBuildConfiguration;
			buildSettings = {
				ALWAYS_SEARCH_USER_PATHS = NO;
				CLANG_ANALYZER_LOCALIZABILITY_NONLOCALIZED = YES;
				CLANG_ANALYZER_NONNULL = YES;
				CLANG_CXX_LANGUAGE_STANDARD = "gnu++0x";
				CLANG_CXX_LIBRARY = "libc++";
				CLANG_ENABLE_MODULES = YES;
				CLANG_ENABLE_OBJC_ARC = YES;
				CLANG_WARN_BOOL_CONVERSION = YES;
				CLANG_WARN_CONSTANT_CONVERSION = YES;
				CLANG_WARN_DIRECT_OBJC_ISA_USAGE = YES_ERROR;
				CLANG_WARN_DOCUMENTATION_COMMENTS = YES;
				CLANG_WARN_EMPTY_BODY = YES;
				CLANG_WARN_ENUM_CONVERSION = YES;
				CLANG_WARN_INFINITE_RECURSION = YES;
				CLANG_WARN_INT_CONVERSION = YES;
				CLANG_WARN_OBJC_ROOT_CLASS = YES_ERROR;
				CLANG_WARN_SUSPICIOUS_MOVE = YES;
				CLANG_WARN_UNREACHABLE_CODE = YES;
				CLANG_WARN__DUPLICATE_METHOD_MATCH = YES;
				"CODE_SIGN_IDENTITY[sdk=iphoneos*]" = "iPhone Developer";
				COPY_PHASE_STRIP = NO;
				DEBUG_INFORMATION_FORMAT = dwarf;
				ENABLE_STRICT_OBJC_MSGSEND = YES;
				ENABLE_TESTABILITY = YES;
				GCC_C_LANGUAGE_STANDARD = gnu99;
				GCC_DYNAMIC_NO_PIC = NO;
				GCC_NO_COMMON_BLOCKS = YES;
				GCC_OPTIMIZATION_LEVEL = 0;
				GCC_PREPROCESSOR_DEFINITIONS = (
					"DEBUG=1",
					"$(inherited)",
				);
				GCC_WARN_64_TO_32_BIT_CONVERSION = YES;
				GCC_WARN_ABOUT_RETURN_TYPE = YES_ERROR;
				GCC_WARN_UNDECLARED_SELECTOR = YES;
				GCC_WARN_UNINITIALIZED_AUTOS = YES_AGGRESSIVE;
				GCC_WARN_UNUSED_FUNCTION = YES;
				GCC_WARN_UNUSED_VARIABLE = YES;
				IPHONEOS_DEPLOYMENT_TARGET = 10.2;
				MTL_ENABLE_DEBUG_INFO = YES;
				ONLY_ACTIVE_ARCH = YES;
				SDKROOT = iphoneos;
				SWIFT_ACTIVE_COMPILATION_CONDITIONS = DEBUG;
				SWIFT_OPTIMIZATION_LEVEL = "-Onone";
			};
			name = Debug;
		};
		8B3A17B61E8EBFA40080669F /* Release */ = {
			isa = XCBuildConfiguration;
			buildSettings = {
				ALWAYS_SEARCH_USER_PATHS = NO;
				CLANG_ANALYZER_LOCALIZABILITY_NONLOCALIZED = YES;
				CLANG_ANALYZER_NONNULL = YES;
				CLANG_CXX_LANGUAGE_STANDARD = "gnu++0x";
				CLANG_CXX_LIBRARY = "libc++";
				CLANG_ENABLE_MODULES = YES;
				CLANG_ENABLE_OBJC_ARC = YES;
				CLANG_WARN_BOOL_CONVERSION = YES;
				CLANG_WARN_CONSTANT_CONVERSION = YES;
				CLANG_WARN_DIRECT_OBJC_ISA_USAGE = YES_ERROR;
				CLANG_WARN_DOCUMENTATION_COMMENTS = YES;
				CLANG_WARN_EMPTY_BODY = YES;
				CLANG_WARN_ENUM_CONVERSION = YES;
				CLANG_WARN_INFINITE_RECURSION = YES;
				CLANG_WARN_INT_CONVERSION = YES;
				CLANG_WARN_OBJC_ROOT_CLASS = YES_ERROR;
				CLANG_WARN_SUSPICIOUS_MOVE = YES;
				CLANG_WARN_UNREACHABLE_CODE = YES;
				CLANG_WARN__DUPLICATE_METHOD_MATCH = YES;
				"CODE_SIGN_IDENTITY[sdk=iphoneos*]" = "iPhone Developer";
				COPY_PHASE_STRIP = NO;
				DEBUG_INFORMATION_FORMAT = "dwarf-with-dsym";
				ENABLE_NS_ASSERTIONS = NO;
				ENABLE_STRICT_OBJC_MSGSEND = YES;
				GCC_C_LANGUAGE_STANDARD = gnu99;
				GCC_NO_COMMON_BLOCKS = YES;
				GCC_WARN_64_TO_32_BIT_CONVERSION = YES;
				GCC_WARN_ABOUT_RETURN_TYPE = YES_ERROR;
				GCC_WARN_UNDECLARED_SELECTOR = YES;
				GCC_WARN_UNINITIALIZED_AUTOS = YES_AGGRESSIVE;
				GCC_WARN_UNUSED_FUNCTION = YES;
				GCC_WARN_UNUSED_VARIABLE = YES;
				IPHONEOS_DEPLOYMENT_TARGET = 10.2;
				MTL_ENABLE_DEBUG_INFO = NO;
				SDKROOT = iphoneos;
				SWIFT_OPTIMIZATION_LEVEL = "-Owholemodule";
				VALIDATE_PRODUCT = YES;
			};
			name = Release;
		};
		8B3A17B81E8EBFA40080669F /* Debug */ = {
			isa = XCBuildConfiguration;
			buildSettings = {
				ASSETCATALOG_COMPILER_APPICON_NAME = AppIcon;
				INFOPLIST_FILE = App_SocialNetwork/Info.plist;
				LD_RUNPATH_SEARCH_PATHS = "$(inherited) @executable_path/Frameworks";
				PRODUCT_BUNDLE_IDENTIFIER = "com.es.CICE.App-SocialNetwork";
				PRODUCT_NAME = "$(TARGET_NAME)";
				SWIFT_VERSION = 3.0;
			};
			name = Debug;
		};
		8B3A17B91E8EBFA40080669F /* Release */ = {
			isa = XCBuildConfiguration;
			buildSettings = {
				ASSETCATALOG_COMPILER_APPICON_NAME = AppIcon;
				INFOPLIST_FILE = App_SocialNetwork/Info.plist;
				LD_RUNPATH_SEARCH_PATHS = "$(inherited) @executable_path/Frameworks";
				PRODUCT_BUNDLE_IDENTIFIER = "com.es.CICE.App-SocialNetwork";
				PRODUCT_NAME = "$(TARGET_NAME)";
				SWIFT_VERSION = 3.0;
			};
			name = Release;
		};
/* End XCBuildConfiguration section */

/* Begin XCConfigurationList section */
		8B3A17A01E8EBFA40080669F /* Build configuration list for PBXProject "App_SocialNetwork" */ = {
			isa = XCConfigurationList;
			buildConfigurations = (
				8B3A17B51E8EBFA40080669F /* Debug */,
				8B3A17B61E8EBFA40080669F /* Release */,
			);
			defaultConfigurationIsVisible = 0;
			defaultConfigurationName = Release;
		};
		8B3A17B71E8EBFA40080669F /* Build configuration list for PBXNativeTarget "App_SocialNetwork" */ = {
			isa = XCConfigurationList;
			buildConfigurations = (
				8B3A17B81E8EBFA40080669F /* Debug */,
				8B3A17B91E8EBFA40080669F /* Release */,
			);
			defaultConfigurationIsVisible = 0;
		};
/* End XCConfigurationList section */
	};
	rootObject = 8B3A179D1E8EBFA40080669F /* Project object */;
}
